dependencies:
- name: ontopic-server
  repository: file://../ontopic-server
  version: 0.1.3
- name: postgresql
  repository: oci://registry-1.docker.io/bitnamicharts
  version: 18.2.0
digest: sha256:03afd2c42bcf06cc072fcf49df47049cd1e7e784d925f0963f8b5fa189a5a0e0
generated: "2026-01-22T15:14:06.417121368Z"
